
Microsoft Visual Studio Solution File, Format Version 12.00
# Visual Studio 2013
VisualStudioVersion = 12.0.31101.0
MinimumVisualStudioVersion = 10.0.40219.1
Project("{FAE04EC0-301F-11D3-BF4B-00C04F79EFBC}") = "loowootech.AtlasWeb", "loowootech.AtlasWeb\loowootech.AtlasWeb.csproj", "{7DCB268B-8A23-4915-82C2-8B6D6733122A}"
EndProject
Project("{2150E333-8FDC-42A3-9474-1A3956D46DE8}") = "dbscripts", "dbscripts", "{570ABFD5-B7BF-4BD6-9777-AFC0D73C2026}"
	ProjectSection(SolutionItems) = preProject
		dbscripts\tables.sql = dbscripts\tables.sql
	EndProjectSection
EndProject
Project("{FAE04EC0-301F-11D3-BF4B-00C04F79EFBC}") = "netDxf", "netDxf\netDxf.csproj", "{785380E0-CEB9-4C34-82E5-60D0E33E848E}"
EndProject
Global
	GlobalSection(SolutionConfigurationPlatforms) = preSolution
		Debug|Any CPU = Debug|Any CPU
		Release|Any CPU = Release|Any CPU
	EndGlobalSection
	GlobalSection(ProjectConfigurationPlatforms) = postSolution
		{7DCB268B-8A23-4915-82C2-8B6D6733122A}.Debug|Any CPU.ActiveCfg = Debug|Any CPU
		{7DCB268B-8A23-4915-82C2-8B6D6733122A}.Debug|Any CPU.Build.0 = Debug|Any CPU
		{7DCB268B-8A23-4915-82C2-8B6D6733122A}.Release|Any CPU.ActiveCfg = Release|Any CPU
		{7DCB268B-8A23-4915-82C2-8B6D6733122A}.Release|Any CPU.Build.0 = Release|Any CPU
		{785380E0-CEB9-4C34-82E5-60D0E33E848E}.Debug|Any CPU.ActiveCfg = Debug|Any CPU
		{785380E0-CEB9-4C34-82E5-60D0E33E848E}.Debug|Any CPU.Build.0 = Debug|Any CPU
		{785380E0-CEB9-4C34-82E5-60D0E33E848E}.Release|Any CPU.ActiveCfg = Release|Any CPU
		{785380E0-CEB9-4C34-82E5-60D0E33E848E}.Release|Any CPU.Build.0 = Release|Any CPU
	EndGlobalSection
	GlobalSection(SolutionProperties) = preSolution
		HideSolutionNode = FALSE
	EndGlobalSection
EndGlobal
